# THIS IS AN AUTOGENERATED FILE. DO NOT EDIT THIS FILE DIRECTLY.
# yarn lockfile v1


balanced-match@^1.0.0:
  version "1.0.0"
  resolved "https://registry.yarnpkg.com/balanced-match/-/balanced-match-1.0.0.tgz#89b4d199ab2bee49de164ea02b89ce462d71b767"

brace-expansion@^1.1.7:
  version "1.1.8"
  resolved "https://registry.yarnpkg.com/brace-expansion/-/brace-expansion-1.1.8.tgz#c07b211c7c952ec1f8efd51a77ef0d1d3990a292"
  dependencies:
    balanced-match "^1.0.0"
    concat-map "0.0.1"

concat-map@0.0.1:
  version "0.0.1"
  resolved "https://registry.yarnpkg.com/concat-map/-/concat-map-0.0.1.tgz#d8a96bd77fd68df7793a73036a3ba0d5405d477b"

dgrid@^1.1.0:
  version "1.2.1"
  resolved "https://registry.yarnpkg.com/dgrid/-/dgrid-1.2.1.tgz#d75579908777b1cccf996090c87b3575e3c73724"

dijit@1.12.2, dijit@^1.12.2:
  version "1.12.2"
  resolved "https://registry.yarnpkg.com/dijit/-/dijit-1.12.2.tgz#4891b0d045051773216d3f0b7175699f173456a6"
  dependencies:
    dojo "1.12.2"

dojo-dstore@^1.1.1:
  version "1.1.2"
  resolved "https://registry.yarnpkg.com/dojo-dstore/-/dojo-dstore-1.1.2.tgz#cee36999f3f807d1cffcfdf6157db0f2b237cde4"
  dependencies:
    dojo "^1.9.0"

dojo-util@^1.12.2:
  version "1.12.2"
  resolved "https://registry.yarnpkg.com/dojo-util/-/dojo-util-1.12.2.tgz#48ab67b5c39600eca03dda4a62ae240f401d25e0"

dojo@1.12.2, dojo@^1.12.2, dojo@^1.9.0:
  version "1.12.2"
  resolved "https://registry.yarnpkg.com/dojo/-/dojo-1.12.2.tgz#64a863d0c28b6318656cfd8a8fd5748b07aa4fda"

dojox@^1.12.2:
  version "1.12.2"
  resolved "https://registry.yarnpkg.com/dojox/-/dojox-1.12.2.tgz#1ab7723c18c66fd8b016db7dc81e6260d1532c2c"
  dependencies:
    dijit "1.12.2"
    dojo "1.12.2"

electron-screenshot@^1.0.2:
  version "1.0.5"
  resolved "https://registry.yarnpkg.com/electron-screenshot/-/electron-screenshot-1.0.5.tgz#8cd46c4eb3d86b0401b0408228bdce033c535369"

exit@^0.1.2:
  version "0.1.2"
  resolved "https://registry.yarnpkg.com/exit/-/exit-0.1.2.tgz#0632638f8d877cc82107d30a0fff1a17cba1cd0c"

filesaver.js@^0.2.0:
  version "0.2.0"
  resolved "https://registry.yarnpkg.com/filesaver.js/-/filesaver.js-0.2.0.tgz#2657dc471ec78f2d405d9da066cf039a5be69802"

fs.realpath@^1.0.0:
  version "1.0.0"
  resolved "https://registry.yarnpkg.com/fs.realpath/-/fs.realpath-1.0.0.tgz#1504ad2523158caa40db4a2787cb01411994ea4f"

glob@^7.0.6:
  version "7.1.2"
  resolved "https://registry.yarnpkg.com/glob/-/glob-7.1.2.tgz#c19c9df9a028702d678612384a6552404c636d15"
  dependencies:
    fs.realpath "^1.0.0"
    inflight "^1.0.4"
    inherits "2"
    minimatch "^3.0.4"
    once "^1.3.0"
    path-is-absolute "^1.0.0"

inflight@^1.0.4:
  version "1.0.6"
  resolved "https://registry.yarnpkg.com/inflight/-/inflight-1.0.6.tgz#49bd6331d7d02d0c09bc910a1075ba8165b56df9"
  dependencies:
    once "^1.3.0"
    wrappy "1"

inherits@2:
  version "2.0.3"
  resolved "https://registry.yarnpkg.com/inherits/-/inherits-2.0.3.tgz#633c2c83e3da42a502f52466022480f4208261de"

"jDataView@git+https://github.com/rbuels/jdataview.git":
  version "1.1.0"
  resolved "git+https://github.com/rbuels/jdataview.git#db0893d468ba034fadbbb5700d4ed79ab0dc236e"

jasmine-core@~2.7.0:
  version "2.7.0"
  resolved "https://registry.yarnpkg.com/jasmine-core/-/jasmine-core-2.7.0.tgz#50ff8c4f92d8ef5c0b2c1b846dd263ed85152091"

jasmine@^2.7.0:
  version "2.7.0"
  resolved "https://registry.yarnpkg.com/jasmine/-/jasmine-2.7.0.tgz#5cf0bb4e594b4600bb4235560366212ac5aea1b2"
  dependencies:
    exit "^0.1.2"
    glob "^7.0.6"
    jasmine-core "~2.7.0"

"jbrowse@git+https://github.com/bhofmei/jbrowse":
  version "0.0.1"
  resolved "git+https://github.com/bhofmei/jbrowse#14622134cca9dd32a5bd52a320b924a1e4fa7fc2"
  dependencies:
    dgrid "^1.1.0"
    dijit "^1.12.2"
    dojo "^1.12.2"
    dojo-dstore "^1.1.1"
    dojo-util "^1.12.2"
    dojox "^1.12.2"
    electron-screenshot "^1.0.2"
    filesaver.js "^0.2.0"
    jDataView "git+https://github.com/rbuels/jdataview.git"
    json-schema "git+https://github.com/kriszyp/json-schema.git"
    jszlib "git+https://github.com/cmdcolin/jszlib.git"
    lazyload "git+https://github.com/cmdcolin/lazyload.git#amd"

"json-schema@git+https://github.com/kriszyp/json-schema.git":
  version "0.2.3"
  resolved "git+https://github.com/kriszyp/json-schema.git#24c4ed1b2359ab457a00e90606a777c2962ecd3b"

"jszlib@git+https://github.com/cmdcolin/jszlib.git":
  version "0.0.1"
  resolved "git+https://github.com/cmdcolin/jszlib.git#c966ceac3b283d2248764c09e07a4b268edd5032"

"lazyload@git+https://github.com/cmdcolin/lazyload.git#amd":
  version "1.0.0"
  resolved "git+https://github.com/cmdcolin/lazyload.git#042bdb8e5f9d84932c192ee1c295579b5e0c8100"

minimatch@^3.0.4:
  version "3.0.4"
  resolved "https://registry.yarnpkg.com/minimatch/-/minimatch-3.0.4.tgz#5166e286457f03306064be5497e8dbb0c3d32083"
  dependencies:
    brace-expansion "^1.1.7"

once@^1.3.0:
  version "1.4.0"
  resolved "https://registry.yarnpkg.com/once/-/once-1.4.0.tgz#583b1aa775961d4b113ac17d9c50baef9dd76bd1"
  dependencies:
    wrappy "1"

path-is-absolute@^1.0.0:
  version "1.0.1"
  resolved "https://registry.yarnpkg.com/path-is-absolute/-/path-is-absolute-1.0.1.tgz#174b9268735534ffbc7ace6bf53a5a9e1b5c5f5f"

wrappy@1:
  version "1.0.2"
  resolved "https://registry.yarnpkg.com/wrappy/-/wrappy-1.0.2.tgz#b5243d8f3ec1aa35f1364605bc0d1036e30ab69f"
